
Microsoft Visual Studio Solution File, Format Version 12.00
# Visual Studio Version 16
VisualStudioVersion = 16.0.32901.82
MinimumVisualStudioVersion = 10.0.40219.1
Project("{FAE04EC0-301F-11D3-BF4B-00C04F79EFBC}") = "COMIDAS", "COMIDAS.csproj", "{435A35DA-AF9D-4DF5-A9CB-66898D4D5881}"
EndProject
Global
	GlobalSection(SolutionConfigurationPlatforms) = preSolution
		Debug|Any CPU = Debug|Any CPU
		Release|Any CPU = Release|Any CPU
	EndGlobalSection
	GlobalSection(ProjectConfigurationPlatforms) = postSolution
		{435A35DA-AF9D-4DF5-A9CB-66898D4D5881}.Debug|Any CPU.ActiveCfg = Debug|Any CPU
		{435A35DA-AF9D-4DF5-A9CB-66898D4D5881}.Debug|Any CPU.Build.0 = Debug|Any CPU
		{435A35DA-AF9D-4DF5-A9CB-66898D4D5881}.Release|Any CPU.ActiveCfg = Release|Any CPU
		{435A35DA-AF9D-4DF5-A9CB-66898D4D5881}.Release|Any CPU.Build.0 = Release|Any CPU
	EndGlobalSection
	GlobalSection(SolutionProperties) = preSolution
		HideSolutionNode = FALSE
	EndGlobalSection
	GlobalSection(ExtensibilityGlobals) = postSolution
		SolutionGuid = {0B02A6F5-5F94-4B0B-810E-9AE804DF310B}
	EndGlobalSection
EndGlobal
